
Microsoft Visual Studio Solution File, Format Version 12.00
# Visual Studio Version 17
VisualStudioVersion = 17.13.35825.156 d17.13
MinimumVisualStudioVersion = 10.0.40219.1
Project("{FAE04EC0-301F-11D3-BF4B-00C04F79EFBC}") = "AdminCanciones", "AdminCanciones\AdminCanciones.csproj", "{809CBDE7-B75D-4EE4-9557-CD63C84C6738}"
EndProject
Global
	GlobalSection(SolutionConfigurationPlatforms) = preSolution
		Debug|Any CPU = Debug|Any CPU
		Release|Any CPU = Release|Any CPU
	EndGlobalSection
	GlobalSection(ProjectConfigurationPlatforms) = postSolution
		{809CBDE7-B75D-4EE4-9557-CD63C84C6738}.Debug|Any CPU.ActiveCfg = Debug|Any CPU
		{809CBDE7-B75D-4EE4-9557-CD63C84C6738}.Debug|Any CPU.Build.0 = Debug|Any CPU
		{809CBDE7-B75D-4EE4-9557-CD63C84C6738}.Release|Any CPU.ActiveCfg = Release|Any CPU
		{809CBDE7-B75D-4EE4-9557-CD63C84C6738}.Release|Any CPU.Build.0 = Release|Any CPU
	EndGlobalSection
	GlobalSection(SolutionProperties) = preSolution
		HideSolutionNode = FALSE
	EndGlobalSection
	GlobalSection(ExtensibilityGlobals) = postSolution
		SolutionGuid = {3227D410-9405-438E-9248-F7400F600045}
	EndGlobalSection
EndGlobal
